
Microsoft Visual Studio Solution File, Format Version 12.00
# Visual Studio 2012
Project("{FAE04EC0-301F-11D3-BF4B-00C04F79EFBC}") = "TestDrive", "TestDrive\TestDrive.csproj", "{81348C58-836B-4938-B2F4-242690F315E6}"
EndProject
Project("{FAE04EC0-301F-11D3-BF4B-00C04F79EFBC}") = "TestDrive.iOS", "iOS\TestDrive.iOS.csproj", "{7D718AC4-AAB9-44E1-B20A-C3BD2D106B83}"
EndProject
Project("{FAE04EC0-301F-11D3-BF4B-00C04F79EFBC}") = "TestDrive.Droid", "Droid\TestDrive.Droid.csproj", "{A05F4FC0-0AAA-4AD8-96B0-868833904214}"
EndProject
Global
	GlobalSection(SolutionConfigurationPlatforms) = preSolution
		Debug|Any CPU = Debug|Any CPU
		Release|Any CPU = Release|Any CPU
		Debug|iPhoneSimulator = Debug|iPhoneSimulator
		Release|iPhone = Release|iPhone
		Release|iPhoneSimulator = Release|iPhoneSimulator
		Debug|iPhone = Debug|iPhone
	EndGlobalSection
	GlobalSection(ProjectConfigurationPlatforms) = postSolution
		{81348C58-836B-4938-B2F4-242690F315E6}.Debug|Any CPU.ActiveCfg = Debug|Any CPU
		{81348C58-836B-4938-B2F4-242690F315E6}.Debug|Any CPU.Build.0 = Debug|Any CPU
		{81348C58-836B-4938-B2F4-242690F315E6}.Release|Any CPU.ActiveCfg = Release|Any CPU
		{81348C58-836B-4938-B2F4-242690F315E6}.Release|Any CPU.Build.0 = Release|Any CPU
		{81348C58-836B-4938-B2F4-242690F315E6}.Debug|iPhoneSimulator.ActiveCfg = Debug|Any CPU
		{81348C58-836B-4938-B2F4-242690F315E6}.Debug|iPhoneSimulator.Build.0 = Debug|Any CPU
		{81348C58-836B-4938-B2F4-242690F315E6}.Release|iPhone.ActiveCfg = Release|Any CPU
		{81348C58-836B-4938-B2F4-242690F315E6}.Release|iPhone.Build.0 = Release|Any CPU
		{81348C58-836B-4938-B2F4-242690F315E6}.Release|iPhoneSimulator.ActiveCfg = Release|Any CPU
		{81348C58-836B-4938-B2F4-242690F315E6}.Release|iPhoneSimulator.Build.0 = Release|Any CPU
		{81348C58-836B-4938-B2F4-242690F315E6}.Debug|iPhone.ActiveCfg = Debug|Any CPU
		{81348C58-836B-4938-B2F4-242690F315E6}.Debug|iPhone.Build.0 = Debug|Any CPU
		{7D718AC4-AAB9-44E1-B20A-C3BD2D106B83}.Debug|Any CPU.ActiveCfg = Debug|iPhoneSimulator
		{7D718AC4-AAB9-44E1-B20A-C3BD2D106B83}.Debug|Any CPU.Build.0 = Debug|iPhoneSimulator
		{7D718AC4-AAB9-44E1-B20A-C3BD2D106B83}.Release|Any CPU.ActiveCfg = Release|iPhone
		{7D718AC4-AAB9-44E1-B20A-C3BD2D106B83}.Release|Any CPU.Build.0 = Release|iPhone
		{7D718AC4-AAB9-44E1-B20A-C3BD2D106B83}.Debug|iPhoneSimulator.ActiveCfg = Debug|iPhoneSimulator
		{7D718AC4-AAB9-44E1-B20A-C3BD2D106B83}.Debug|iPhoneSimulator.Build.0 = Debug|iPhoneSimulator
		{7D718AC4-AAB9-44E1-B20A-C3BD2D106B83}.Release|iPhone.ActiveCfg = Release|iPhone
		{7D718AC4-AAB9-44E1-B20A-C3BD2D106B83}.Release|iPhone.Build.0 = Release|iPhone
		{7D718AC4-AAB9-44E1-B20A-C3BD2D106B83}.Release|iPhoneSimulator.ActiveCfg = Release|iPhoneSimulator
		{7D718AC4-AAB9-44E1-B20A-C3BD2D106B83}.Release|iPhoneSimulator.Build.0 = Release|iPhoneSimulator
		{7D718AC4-AAB9-44E1-B20A-C3BD2D106B83}.Debug|iPhone.ActiveCfg = Debug|iPhone
		{7D718AC4-AAB9-44E1-B20A-C3BD2D106B83}.Debug|iPhone.Build.0 = Debug|iPhone
		{A05F4FC0-0AAA-4AD8-96B0-868833904214}.Debug|Any CPU.ActiveCfg = Debug|Any CPU
		{A05F4FC0-0AAA-4AD8-96B0-868833904214}.Debug|Any CPU.Build.0 = Debug|Any CPU
		{A05F4FC0-0AAA-4AD8-96B0-868833904214}.Release|Any CPU.ActiveCfg = Release|Any CPU
		{A05F4FC0-0AAA-4AD8-96B0-868833904214}.Release|Any CPU.Build.0 = Release|Any CPU
		{A05F4FC0-0AAA-4AD8-96B0-868833904214}.Debug|iPhoneSimulator.ActiveCfg = Debug|Any CPU
		{A05F4FC0-0AAA-4AD8-96B0-868833904214}.Debug|iPhoneSimulator.Build.0 = Debug|Any CPU
		{A05F4FC0-0AAA-4AD8-96B0-868833904214}.Release|iPhone.ActiveCfg = Release|Any CPU
		{A05F4FC0-0AAA-4AD8-96B0-868833904214}.Release|iPhone.Build.0 = Release|Any CPU
		{A05F4FC0-0AAA-4AD8-96B0-868833904214}.Release|iPhoneSimulator.ActiveCfg = Release|Any CPU
		{A05F4FC0-0AAA-4AD8-96B0-868833904214}.Release|iPhoneSimulator.Build.0 = Release|Any CPU
		{A05F4FC0-0AAA-4AD8-96B0-868833904214}.Debug|iPhone.ActiveCfg = Debug|Any CPU
		{A05F4FC0-0AAA-4AD8-96B0-868833904214}.Debug|iPhone.Build.0 = Debug|Any CPU
	EndGlobalSection
EndGlobal
